
Microsoft Visual Studio Solution File, Format Version 12.00
# Visual Studio Version 17
VisualStudioVersion = 17.10.35122.118
MinimumVisualStudioVersion = 10.0.40219.1
Project("{FAE04EC0-301F-11D3-BF4B-00C04F79EFBC}") = "backend", "backend.csproj", "{DD82BAE0-5CE2-4D34-8300-4CE6C49E10FE}"
EndProject
Global
	GlobalSection(SolutionConfigurationPlatforms) = preSolution
		Debug|Any CPU = Debug|Any CPU
		Release|Any CPU = Release|Any CPU
	EndGlobalSection
	GlobalSection(ProjectConfigurationPlatforms) = postSolution
		{DD82BAE0-5CE2-4D34-8300-4CE6C49E10FE}.Debug|Any CPU.ActiveCfg = Debug|Any CPU
		{DD82BAE0-5CE2-4D34-8300-4CE6C49E10FE}.Debug|Any CPU.Build.0 = Debug|Any CPU
		{DD82BAE0-5CE2-4D34-8300-4CE6C49E10FE}.Release|Any CPU.ActiveCfg = Release|Any CPU
		{DD82BAE0-5CE2-4D34-8300-4CE6C49E10FE}.Release|Any CPU.Build.0 = Release|Any CPU
	EndGlobalSection
	GlobalSection(SolutionProperties) = preSolution
		HideSolutionNode = FALSE
	EndGlobalSection
	GlobalSection(ExtensibilityGlobals) = postSolution
		SolutionGuid = {094433E9-6C0B-49E8-BF2A-54747781CC9A}
	EndGlobalSection
EndGlobal
