
Microsoft Visual Studio Solution File, Format Version 12.00
# Visual Studio Version 17
VisualStudioVersion = 17.10.35122.118
MinimumVisualStudioVersion = 10.0.40219.1
Project("{FAE04EC0-301F-11D3-BF4B-00C04F79EFBC}") = "backend", "backend.csproj", "{09468637-0E1C-47A5-955E-9805592134C4}"
EndProject
Global
	GlobalSection(SolutionConfigurationPlatforms) = preSolution
		Debug|Any CPU = Debug|Any CPU
		Release|Any CPU = Release|Any CPU
	EndGlobalSection
	GlobalSection(ProjectConfigurationPlatforms) = postSolution
		{09468637-0E1C-47A5-955E-9805592134C4}.Debug|Any CPU.ActiveCfg = Debug|Any CPU
		{09468637-0E1C-47A5-955E-9805592134C4}.Debug|Any CPU.Build.0 = Debug|Any CPU
		{09468637-0E1C-47A5-955E-9805592134C4}.Release|Any CPU.ActiveCfg = Release|Any CPU
		{09468637-0E1C-47A5-955E-9805592134C4}.Release|Any CPU.Build.0 = Release|Any CPU
	EndGlobalSection
	GlobalSection(SolutionProperties) = preSolution
		HideSolutionNode = FALSE
	EndGlobalSection
	GlobalSection(ExtensibilityGlobals) = postSolution
		SolutionGuid = {7EAC2312-5542-4B5B-A2B1-A3B038D3EA48}
	EndGlobalSection
EndGlobal
